# This file is autogenerated, do not edit; changes may be undone by the next 'dep ensure'.


[[projects]]
  digest = "1:5f685b4541d7f8d9dce742683f4feec424dbec7deb1d59bd82172fc3e9d0d86b"
  name = "github.com/prometheus/alertmanager"
  packages = [
    "template",
    "template/internal/deftmpl",
    "types",
  ]
  pruneopts = "UT"
  revision = "d4a7697cc90f8bce62efe7c44b63b542578ec0a1"
  version = "v0.15.3"

[[projects]]
  branch = "master"
  digest = "1:e15b82241f69fbb9fa3fda4de33b8851935a379f688b185b09c3aa7a0a466a30"
  name = "github.com/prometheus/common"
  packages = ["model"]
  pruneopts = "UT"
  revision = "67670fe90761d7ff18ec1d640135e53b9198328f"

[solve-meta]
  analyzer-name = "dep"
  analyzer-version = 1
  input-imports = ["github.com/prometheus/alertmanager/template"]
  solver-name = "gps-cdcl"
  solver-version = 1
